
Microsoft Visual Studio Solution File, Format Version 12.00
# Visual Studio Version 16
VisualStudioVersion = 16.0.31605.320
MinimumVisualStudioVersion = 10.0.40219.1
Project("{FAE04EC0-301F-11D3-BF4B-00C04F79EFBC}") = "WindowsFormsApp1", "WindowsFormsApp1\WindowsFormsApp1.csproj", "{6EFC2148-4723-4490-AAF5-1F89774FE754}"
EndProject
Global
	GlobalSection(SolutionConfigurationPlatforms) = preSolution
		Debug|Any CPU = Debug|Any CPU
		Release|Any CPU = Release|Any CPU
	EndGlobalSection
	GlobalSection(ProjectConfigurationPlatforms) = postSolution
		{6EFC2148-4723-4490-AAF5-1F89774FE754}.Debug|Any CPU.ActiveCfg = Debug|Any CPU
		{6EFC2148-4723-4490-AAF5-1F89774FE754}.Debug|Any CPU.Build.0 = Debug|Any CPU
		{6EFC2148-4723-4490-AAF5-1F89774FE754}.Release|Any CPU.ActiveCfg = Release|Any CPU
		{6EFC2148-4723-4490-AAF5-1F89774FE754}.Release|Any CPU.Build.0 = Release|Any CPU
	EndGlobalSection
	GlobalSection(SolutionProperties) = preSolution
		HideSolutionNode = FALSE
	EndGlobalSection
	GlobalSection(ExtensibilityGlobals) = postSolution
		SolutionGuid = {15C34AE3-AA90-4C1B-B451-4E12939FA545}
	EndGlobalSection
EndGlobal
